# This file is automatically @generated by Cargo.
# It is not intended for manual editing.
version = 3

[[package]]
name = "cl-sys"
version = "0.4.2"
source = "registry+https://github.com/rust-lang/crates.io-index"
checksum = "e8573fa3ff8acd6c49e8e113296c54277e82376b96c6ca6307848632cce38e44"
dependencies = [
 "libc",
]

[[package]]
name = "cl3"
version = "0.6.4"
source = "registry+https://github.com/rust-lang/crates.io-index"
checksum = "1b9ffa85802035f535ab9671b5691b06c0bc0262317909de32a52a6b3f427e5e"
dependencies = [
 "cl-sys",
 "libc",
]

[[package]]
name = "libc"
version = "0.2.119"
source = "registry+https://github.com/rust-lang/crates.io-index"
checksum = "1bf2e165bb3457c8e098ea76f3e3bc9db55f87aa90d52d0e6be741470916aaa4"

[[package]]
name = "opencl-learner"
version = "0.1.0"
dependencies = [
 "opencl3",
]

[[package]]
name = "opencl3"
version = "0.6.3"
source = "registry+https://github.com/rust-lang/crates.io-index"
checksum = "931cc2ab3068142384dbdaba142681c11b315cf3b96c7a59e8480d062363387f"
dependencies = [
 "cl3",
 "libc",
]
